
Microsoft Visual Studio Solution File, Format Version 12.00
# Visual Studio 14
VisualStudioVersion = 14.0.25420.1
MinimumVisualStudioVersion = 10.0.40219.1
Project("{8BC9CEB8-8B4A-11D0-8D11-00A0C91BC942}") = "ConsoleApplication1", "ConsoleApplication1\ConsoleApplication1.vcxproj", "{0D68382D-3B44-45E3-97E6-1A93A3D18274}"
EndProject
Project("{8BC9CEB8-8B4A-11D0-8D11-00A0C91BC942}") = "ConsoleApplication2", "ConsoleApplication2\ConsoleApplication2.vcxproj", "{C21BB5A3-23C9-43D2-8D0B-086EF133F21F}"
EndProject
Project("{F088123C-0E9E-452A-89E6-6BA2F21D5CAC}") = "ModelingProject1", "ModelingProject1\ModelingProject1.modelproj", "{D1E391D2-FAAD-4EE3-9791-405F8387C60F}"
EndProject
Global
	GlobalSection(SolutionConfigurationPlatforms) = preSolution
		Debug|Any CPU = Debug|Any CPU
		Debug|x64 = Debug|x64
		Debug|x86 = Debug|x86
		Release|Any CPU = Release|Any CPU
		Release|x64 = Release|x64
		Release|x86 = Release|x86
	EndGlobalSection
	GlobalSection(ProjectConfigurationPlatforms) = postSolution
		{0D68382D-3B44-45E3-97E6-1A93A3D18274}.Debug|Any CPU.ActiveCfg = Debug|Win32
		{0D68382D-3B44-45E3-97E6-1A93A3D18274}.Debug|x64.ActiveCfg = Debug|x64
		{0D68382D-3B44-45E3-97E6-1A93A3D18274}.Debug|x64.Build.0 = Debug|x64
		{0D68382D-3B44-45E3-97E6-1A93A3D18274}.Debug|x86.ActiveCfg = Debug|Win32
		{0D68382D-3B44-45E3-97E6-1A93A3D18274}.Debug|x86.Build.0 = Debug|Win32
		{0D68382D-3B44-45E3-97E6-1A93A3D18274}.Release|Any CPU.ActiveCfg = Release|Win32
		{0D68382D-3B44-45E3-97E6-1A93A3D18274}.Release|x64.ActiveCfg = Release|x64
		{0D68382D-3B44-45E3-97E6-1A93A3D18274}.Release|x64.Build.0 = Release|x64
		{0D68382D-3B44-45E3-97E6-1A93A3D18274}.Release|x86.ActiveCfg = Release|Win32
		{0D68382D-3B44-45E3-97E6-1A93A3D18274}.Release|x86.Build.0 = Release|Win32
		{C21BB5A3-23C9-43D2-8D0B-086EF133F21F}.Debug|Any CPU.ActiveCfg = Debug|Win32
		{C21BB5A3-23C9-43D2-8D0B-086EF133F21F}.Debug|x64.ActiveCfg = Debug|x64
		{C21BB5A3-23C9-43D2-8D0B-086EF133F21F}.Debug|x64.Build.0 = Debug|x64
		{C21BB5A3-23C9-43D2-8D0B-086EF133F21F}.Debug|x86.ActiveCfg = Debug|Win32
		{C21BB5A3-23C9-43D2-8D0B-086EF133F21F}.Debug|x86.Build.0 = Debug|Win32
		{C21BB5A3-23C9-43D2-8D0B-086EF133F21F}.Release|Any CPU.ActiveCfg = Release|Win32
		{C21BB5A3-23C9-43D2-8D0B-086EF133F21F}.Release|x64.ActiveCfg = Release|x64
		{C21BB5A3-23C9-43D2-8D0B-086EF133F21F}.Release|x64.Build.0 = Release|x64
		{C21BB5A3-23C9-43D2-8D0B-086EF133F21F}.Release|x86.ActiveCfg = Release|Win32
		{C21BB5A3-23C9-43D2-8D0B-086EF133F21F}.Release|x86.Build.0 = Release|Win32
		{D1E391D2-FAAD-4EE3-9791-405F8387C60F}.Debug|Any CPU.ActiveCfg = Debug|Any CPU
		{D1E391D2-FAAD-4EE3-9791-405F8387C60F}.Debug|Any CPU.Build.0 = Debug|Any CPU
		{D1E391D2-FAAD-4EE3-9791-405F8387C60F}.Debug|x64.ActiveCfg = Debug|Any CPU
		{D1E391D2-FAAD-4EE3-9791-405F8387C60F}.Debug|x64.Build.0 = Debug|Any CPU
		{D1E391D2-FAAD-4EE3-9791-405F8387C60F}.Debug|x86.ActiveCfg = Debug|Any CPU
		{D1E391D2-FAAD-4EE3-9791-405F8387C60F}.Debug|x86.Build.0 = Debug|Any CPU
		{D1E391D2-FAAD-4EE3-9791-405F8387C60F}.Release|Any CPU.ActiveCfg = Release|Any CPU
		{D1E391D2-FAAD-4EE3-9791-405F8387C60F}.Release|Any CPU.Build.0 = Release|Any CPU
		{D1E391D2-FAAD-4EE3-9791-405F8387C60F}.Release|x64.ActiveCfg = Release|Any CPU
		{D1E391D2-FAAD-4EE3-9791-405F8387C60F}.Release|x64.Build.0 = Release|Any CPU
		{D1E391D2-FAAD-4EE3-9791-405F8387C60F}.Release|x86.ActiveCfg = Release|Any CPU
		{D1E391D2-FAAD-4EE3-9791-405F8387C60F}.Release|x86.Build.0 = Release|Any CPU
	EndGlobalSection
	GlobalSection(SolutionProperties) = preSolution
		HideSolutionNode = FALSE
	EndGlobalSection
EndGlobal
