<?xml version="1.0" encoding="utf-8"?>
<Project ToolsVersion="4.0" xmlns="http://schemas.microsoft.com/developer/msbuild/2003">
  <ItemGroup>
    <Filter Include="源文件">
      <UniqueIdentifier>{4FC737F1-C7A5-4376-A066-2A32D752A2FF}</UniqueIdentifier>
      <Extensions>cpp;c;cc;cxx;def;odl;idl;hpj;bat;asm;asmx</Extensions>
    </Filter>
    <Filter Include="头文件">
      <UniqueIdentifier>{93995380-89BD-4b04-88EB-625FBE52EBFB}</UniqueIdentifier>
      <Extensions>h;hh;hpp;hxx;hm;inl;inc;xsd</Extensions>
    </Filter>
    <Filter Include="资源文件">
      <UniqueIdentifier>{67DA6AB6-F800-4c08-8B7A-83BB121AAD01}</UniqueIdentifier>
      <Extensions>rc;ico;cur;bmp;dlg;rc2;rct;bin;rgs;gif;jpg;jpeg;jpe;resx;tiff;tif;png;wav;mfcribbon-ms</Extensions>
    </Filter>
  </ItemGroup>
  <ItemGroup>
    <ClCompile Include="..\..\..\..\..\..\..\developer\pugixml-master\tests\allocator.cpp">
      <Filter>源文件</Filter>
    </ClCompile>
    <ClCompile Include="..\..\..\..\..\..\..\developer\pugixml-master\tests\fuzz_parse.cpp">
      <Filter>源文件</Filter>
    </ClCompile>
    <ClCompile Include="..\..\..\..\..\..\..\developer\pugixml-master\tests\fuzz_xpath.cpp">
      <Filter>源文件</Filter>
    </ClCompile>
    <ClCompile Include="..\..\..\..\..\..\..\developer\pugixml-master\tests\main.cpp">
      <Filter>源文件</Filter>
    </ClCompile>
    <ClCompile Include="..\..\..\..\..\..\..\developer\pugixml-master\tests\test.cpp">
      <Filter>源文件</Filter>
    </ClCompile>
    <ClCompile Include="..\..\..\..\..\..\..\developer\pugixml-master\tests\test_compact.cpp">
      <Filter>源文件</Filter>
    </ClCompile>
    <ClCompile Include="..\..\..\..\..\..\..\developer\pugixml-master\tests\test_document.cpp">
      <Filter>源文件</Filter>
    </ClCompile>
    <ClCompile Include="..\..\..\..\..\..\..\developer\pugixml-master\tests\test_dom_modify.cpp">
      <Filter>源文件</Filter>
    </ClCompile>
    <ClCompile Include="..\..\..\..\..\..\..\developer\pugixml-master\tests\test_dom_text.cpp">
      <Filter>源文件</Filter>
    </ClCompile>
    <ClCompile Include="..\..\..\..\..\..\..\developer\pugixml-master\tests\test_dom_traverse.cpp">
      <Filter>源文件</Filter>
    </ClCompile>
    <ClCompile Include="..\..\..\..\..\..\..\developer\pugixml-master\tests\test_header_guard.cpp">
      <Filter>源文件</Filter>
    </ClCompile>
    <ClCompile Include="..\..\..\..\..\..\..\developer\pugixml-master\tests\test_header_iosfwd_1.cpp">
      <Filter>源文件</Filter>
    </ClCompile>
    <ClCompile Include="..\..\..\..\..\..\..\developer\pugixml-master\tests\test_header_iosfwd_2.cpp">
      <Filter>源文件</Filter>
    </ClCompile>
    <ClCompile Include="..\..\..\..\..\..\..\developer\pugixml-master\tests\test_header_iostream_1.cpp">
      <Filter>源文件</Filter>
    </ClCompile>
    <ClCompile Include="..\..\..\..\..\..\..\developer\pugixml-master\tests\test_header_iostream_2.cpp">
      <Filter>源文件</Filter>
    </ClCompile>
    <ClCompile Include="..\..\..\..\..\..\..\developer\pugixml-master\tests\test_header_only_1.cpp">
      <Filter>源文件</Filter>
    </ClCompile>
    <ClCompile Include="..\..\..\..\..\..\..\developer\pugixml-master\tests\test_header_only_2.cpp">
      <Filter>源文件</Filter>
    </ClCompile>
    <ClCompile Include="..\..\..\..\..\..\..\developer\pugixml-master\tests\test_header_string_1.cpp">
      <Filter>源文件</Filter>
    </ClCompile>
    <ClCompile Include="..\..\..\..\..\..\..\developer\pugixml-master\tests\test_header_string_2.cpp">
      <Filter>源文件</Filter>
    </ClCompile>
    <ClCompile Include="..\..\..\..\..\..\..\developer\pugixml-master\tests\test_header_string_iostream.cpp">
      <Filter>源文件</Filter>
    </ClCompile>
    <ClCompile Include="..\..\..\..\..\..\..\developer\pugixml-master\tests\test_memory.cpp">
      <Filter>源文件</Filter>
    </ClCompile>
    <ClCompile Include="..\..\..\..\..\..\..\developer\pugixml-master\tests\test_parse.cpp">
      <Filter>源文件</Filter>
    </ClCompile>
    <ClCompile Include="..\..\..\..\..\..\..\developer\pugixml-master\tests\test_parse_doctype.cpp">
      <Filter>源文件</Filter>
    </ClCompile>
    <ClCompile Include="..\..\..\..\..\..\..\developer\pugixml-master\tests\test_unicode.cpp">
      <Filter>源文件</Filter>
    </ClCompile>
    <ClCompile Include="..\..\..\..\..\..\..\developer\pugixml-master\tests\test_version.cpp">
      <Filter>源文件</Filter>
    </ClCompile>
    <ClCompile Include="..\..\..\..\..\..\..\developer\pugixml-master\tests\test_write.cpp">
      <Filter>源文件</Filter>
    </ClCompile>
    <ClCompile Include="..\..\..\..\..\..\..\developer\pugixml-master\tests\test_xpath.cpp">
      <Filter>源文件</Filter>
    </ClCompile>
    <ClCompile Include="..\..\..\..\..\..\..\developer\pugixml-master\tests\test_xpath_api.cpp">
      <Filter>源文件</Filter>
    </ClCompile>
    <ClCompile Include="..\..\..\..\..\..\..\developer\pugixml-master\tests\test_xpath_functions.cpp">
      <Filter>源文件</Filter>
    </ClCompile>
    <ClCompile Include="..\..\..\..\..\..\..\developer\pugixml-master\tests\test_xpath_operators.cpp">
      <Filter>源文件</Filter>
    </ClCompile>
    <ClCompile Include="..\..\..\..\..\..\..\developer\pugixml-master\tests\test_xpath_parse.cpp">
      <Filter>源文件</Filter>
    </ClCompile>
    <ClCompile Include="..\..\..\..\..\..\..\developer\pugixml-master\tests\test_xpath_paths.cpp">
      <Filter>源文件</Filter>
    </ClCompile>
    <ClCompile Include="..\..\..\..\..\..\..\developer\pugixml-master\tests\test_xpath_paths_abbrev_w3c.cpp">
      <Filter>源文件</Filter>
    </ClCompile>
    <ClCompile Include="..\..\..\..\..\..\..\developer\pugixml-master\tests\test_xpath_paths_w3c.cpp">
      <Filter>源文件</Filter>
    </ClCompile>
    <ClCompile Include="..\..\..\..\..\..\..\developer\pugixml-master\tests\test_xpath_variables.cpp">
      <Filter>源文件</Filter>
    </ClCompile>
    <ClCompile Include="..\..\..\..\..\..\..\developer\pugixml-master\tests\test_xpath_xalan_1.cpp">
      <Filter>源文件</Filter>
    </ClCompile>
    <ClCompile Include="..\..\..\..\..\..\..\developer\pugixml-master\tests\test_xpath_xalan_2.cpp">
      <Filter>源文件</Filter>
    </ClCompile>
    <ClCompile Include="..\..\..\..\..\..\..\developer\pugixml-master\tests\test_xpath_xalan_3.cpp">
      <Filter>源文件</Filter>
    </ClCompile>
    <ClCompile Include="..\..\..\..\..\..\..\developer\pugixml-master\tests\test_xpath_xalan_4.cpp">
      <Filter>源文件</Filter>
    </ClCompile>
    <ClCompile Include="..\..\..\..\..\..\..\developer\pugixml-master\tests\test_xpath_xalan_5.cpp">
      <Filter>源文件</Filter>
    </ClCompile>
    <ClCompile Include="..\..\..\..\..\..\..\developer\pugixml-master\tests\writer_string.cpp">
      <Filter>源文件</Filter>
    </ClCompile>
  </ItemGroup>
  <ItemGroup>
    <ClInclude Include="..\..\..\..\..\..\..\developer\pugixml-master\tests\allocator.hpp">
      <Filter>头文件</Filter>
    </ClInclude>
    <ClInclude Include="..\..\..\..\..\..\..\developer\pugixml-master\tests\common.hpp">
      <Filter>头文件</Filter>
    </ClInclude>
    <ClInclude Include="..\..\..\..\..\..\..\developer\pugixml-master\tests\helpers.hpp">
      <Filter>头文件</Filter>
    </ClInclude>
    <ClInclude Include="..\..\..\..\..\..\..\developer\pugixml-master\tests\test.hpp">
      <Filter>头文件</Filter>
    </ClInclude>
    <ClInclude Include="..\..\..\..\..\..\..\developer\pugixml-master\tests\writer_string.hpp">
      <Filter>头文件</Filter>
    </ClInclude>
  </ItemGroup>
</Project>